{
  "name": "celo-proof-of-activity-nft",
  "version": "1.0.0",
  "lockfileVersion": 3,
  "requires": true,
  "packages": {
    "": {
      "name": "celo-proof-of-activity-nft",
      "version": "1.0.0",
      "dependencies": {
        "@rainbow-me/rainbowkit": "^2.1.2",
        "@walletconnect/modal": "^2.6.2",
        "@walletconnect/web3-provider": "^1.8.0",
        "ethers": "^6.13.1",
        "next": "^14.2.4",
        "react": "^18.3.1",
        "react-dom": "^18.3.1",
        "viem": "^2.16.2",
        "wagmi": "^2.5.22"
      },
      "devDependencies": {
        "eslint": "^8.57.0",
        "eslint-config-next": "^14.2.4",
        "hardhat": "^2.22.6"
      }
    }
